
Microsoft Visual Studio Solution File, Format Version 12.00
# Visual Studio 15
VisualStudioVersion = 15.0.27004.2005
MinimumVisualStudioVersion = 10.0.40219.1
Project("{FAE04EC0-301F-11D3-BF4B-00C04F79EFBC}") = "DrawingToolkit", "DrawingToolkit\DrawingToolkit.csproj", "{81345CE9-296F-4634-854E-0459B13ED3EA}"
EndProject
Global
	GlobalSection(SolutionConfigurationPlatforms) = preSolution
		Debug|Any CPU = Debug|Any CPU
		Release|Any CPU = Release|Any CPU
	EndGlobalSection
	GlobalSection(ProjectConfigurationPlatforms) = postSolution
		{81345CE9-296F-4634-854E-0459B13ED3EA}.Debug|Any CPU.ActiveCfg = Debug|Any CPU
		{81345CE9-296F-4634-854E-0459B13ED3EA}.Debug|Any CPU.Build.0 = Debug|Any CPU
		{81345CE9-296F-4634-854E-0459B13ED3EA}.Release|Any CPU.ActiveCfg = Release|Any CPU
		{81345CE9-296F-4634-854E-0459B13ED3EA}.Release|Any CPU.Build.0 = Release|Any CPU
	EndGlobalSection
	GlobalSection(SolutionProperties) = preSolution
		HideSolutionNode = FALSE
	EndGlobalSection
	GlobalSection(ExtensibilityGlobals) = postSolution
		SolutionGuid = {94670012-B603-4E86-97CB-9B759FE10E81}
	EndGlobalSection
EndGlobal
